
Microsoft Visual Studio Solution File, Format Version 12.00
# Visual Studio Version 17
VisualStudioVersion = 17.5.33516.290
MinimumVisualStudioVersion = 10.0.40219.1
Project("{2150E333-8FDC-42A3-9474-1A3956D46DE8}") = "Services", "Services", "{10699D56-E754-4923-BABD-F30699D6DB3C}"
EndProject
Project("{2150E333-8FDC-42A3-9474-1A3956D46DE8}") = "Catalog", "Catalog", "{FF987729-492D-468B-9EEE-98A6BCD10C68}"
EndProject
Project("{9A19103F-16F7-4668-BE54-9A1E7A4F7556}") = "Catalog.API", "Services\Catalog\Catalog.API\Catalog.API.csproj", "{B9F6F210-94D9-4B32-8B6F-9F5A622B0474}"
EndProject
Project("{E53339B2-1760-4266-BCC7-CA923CBCF16C}") = "docker-compose", "docker-compose.dcproj", "{6569C089-23FA-4ECA-AEBE-590ED131E50D}"
EndProject
Global
	GlobalSection(SolutionConfigurationPlatforms) = preSolution
		Debug|Any CPU = Debug|Any CPU
		Release|Any CPU = Release|Any CPU
	EndGlobalSection
	GlobalSection(ProjectConfigurationPlatforms) = postSolution
		{B9F6F210-94D9-4B32-8B6F-9F5A622B0474}.Debug|Any CPU.ActiveCfg = Debug|Any CPU
		{B9F6F210-94D9-4B32-8B6F-9F5A622B0474}.Debug|Any CPU.Build.0 = Debug|Any CPU
		{B9F6F210-94D9-4B32-8B6F-9F5A622B0474}.Release|Any CPU.ActiveCfg = Release|Any CPU
		{B9F6F210-94D9-4B32-8B6F-9F5A622B0474}.Release|Any CPU.Build.0 = Release|Any CPU
		{6569C089-23FA-4ECA-AEBE-590ED131E50D}.Debug|Any CPU.ActiveCfg = Debug|Any CPU
		{6569C089-23FA-4ECA-AEBE-590ED131E50D}.Debug|Any CPU.Build.0 = Debug|Any CPU
		{6569C089-23FA-4ECA-AEBE-590ED131E50D}.Release|Any CPU.ActiveCfg = Release|Any CPU
		{6569C089-23FA-4ECA-AEBE-590ED131E50D}.Release|Any CPU.Build.0 = Release|Any CPU
	EndGlobalSection
	GlobalSection(SolutionProperties) = preSolution
		HideSolutionNode = FALSE
	EndGlobalSection
	GlobalSection(NestedProjects) = preSolution
		{FF987729-492D-468B-9EEE-98A6BCD10C68} = {10699D56-E754-4923-BABD-F30699D6DB3C}
		{B9F6F210-94D9-4B32-8B6F-9F5A622B0474} = {FF987729-492D-468B-9EEE-98A6BCD10C68}
	EndGlobalSection
	GlobalSection(ExtensibilityGlobals) = postSolution
		SolutionGuid = {6CB7D9BA-1615-49D2-82DB-22D4FF1BF4B1}
	EndGlobalSection
EndGlobal
